
Microsoft Visual Studio Solution File, Format Version 12.00
# Visual Studio Version 17
VisualStudioVersion = 17.0.31912.275
MinimumVisualStudioVersion = 10.0.40219.1
Project("{9A19103F-16F7-4668-BE54-9A1E7A4F7556}") = "Oracle.ImportTool", "Oracle.JiraImport\Oracle.ImportTool.csproj", "{D30E328A-189C-4E35-BC86-AB1E744422F4}"
EndProject
Project("{9A19103F-16F7-4668-BE54-9A1E7A4F7556}") = "Oracle.Core.ExcelModel", "Oracle.Core.ExcelModel\Oracle.Core.ExcelModel.csproj", "{8E89BEF9-DA50-471B-850F-5512E200479F}"
EndProject
Project("{9A19103F-16F7-4668-BE54-9A1E7A4F7556}") = "Oracle.Core.JiraModel", "Oracle.Core.JiraModel\Oracle.Core.JiraModel.csproj", "{A3D71971-1015-442C-9BA4-56033209ED42}"
EndProject
Project("{FAE04EC0-301F-11D3-BF4B-00C04F79EFBC}") = "Oracle.TimeSpentExtract", "Oracle.TimeSpentExtract\Oracle.TimeSpentExtract.csproj", "{3E24F487-E6F6-4E34-9C1D-401EE8E1B620}"
	ProjectSection(ProjectDependencies) = postProject
		{8E89BEF9-DA50-471B-850F-5512E200479F} = {8E89BEF9-DA50-471B-850F-5512E200479F}
		{A3D71971-1015-442C-9BA4-56033209ED42} = {A3D71971-1015-442C-9BA4-56033209ED42}
	EndProjectSection
EndProject
Global
	GlobalSection(SolutionConfigurationPlatforms) = preSolution
		Debug|Any CPU = Debug|Any CPU
		Release|Any CPU = Release|Any CPU
	EndGlobalSection
	GlobalSection(ProjectConfigurationPlatforms) = postSolution
		{D30E328A-189C-4E35-BC86-AB1E744422F4}.Debug|Any CPU.ActiveCfg = Debug|Any CPU
		{D30E328A-189C-4E35-BC86-AB1E744422F4}.Debug|Any CPU.Build.0 = Debug|Any CPU
		{D30E328A-189C-4E35-BC86-AB1E744422F4}.Release|Any CPU.ActiveCfg = Release|Any CPU
		{D30E328A-189C-4E35-BC86-AB1E744422F4}.Release|Any CPU.Build.0 = Release|Any CPU
		{8E89BEF9-DA50-471B-850F-5512E200479F}.Debug|Any CPU.ActiveCfg = Debug|Any CPU
		{8E89BEF9-DA50-471B-850F-5512E200479F}.Debug|Any CPU.Build.0 = Debug|Any CPU
		{8E89BEF9-DA50-471B-850F-5512E200479F}.Release|Any CPU.ActiveCfg = Release|Any CPU
		{8E89BEF9-DA50-471B-850F-5512E200479F}.Release|Any CPU.Build.0 = Release|Any CPU
		{A3D71971-1015-442C-9BA4-56033209ED42}.Debug|Any CPU.ActiveCfg = Debug|Any CPU
		{A3D71971-1015-442C-9BA4-56033209ED42}.Debug|Any CPU.Build.0 = Debug|Any CPU
		{A3D71971-1015-442C-9BA4-56033209ED42}.Release|Any CPU.ActiveCfg = Release|Any CPU
		{A3D71971-1015-442C-9BA4-56033209ED42}.Release|Any CPU.Build.0 = Release|Any CPU
		{3E24F487-E6F6-4E34-9C1D-401EE8E1B620}.Debug|Any CPU.ActiveCfg = Debug|Any CPU
		{3E24F487-E6F6-4E34-9C1D-401EE8E1B620}.Debug|Any CPU.Build.0 = Debug|Any CPU
		{3E24F487-E6F6-4E34-9C1D-401EE8E1B620}.Release|Any CPU.ActiveCfg = Release|Any CPU
		{3E24F487-E6F6-4E34-9C1D-401EE8E1B620}.Release|Any CPU.Build.0 = Release|Any CPU
	EndGlobalSection
	GlobalSection(SolutionProperties) = preSolution
		HideSolutionNode = FALSE
	EndGlobalSection
	GlobalSection(ExtensibilityGlobals) = postSolution
		SolutionGuid = {C7C06F8E-5475-483B-8C05-887295E26293}
	EndGlobalSection
EndGlobal
