
Microsoft Visual Studio Solution File, Format Version 12.00
# Visual Studio Version 16
VisualStudioVersion = 16.0.31321.278
MinimumVisualStudioVersion = 10.0.40219.1
Project("{9A19103F-16F7-4668-BE54-9A1E7A4F7556}") = "Oracle.Core", "Oracle.Core\Oracle.Core.csproj", "{5F43DFC5-5A8F-4D0E-AEA2-9D5E5BFBA0BB}"
EndProject
Project("{FAE04EC0-301F-11D3-BF4B-00C04F79EFBC}") = "Oracle.Portal", "Oracle.Portal\Oracle.Portal.csproj", "{585886C1-A603-443C-A58B-9AE0062EA7BB}"
EndProject
Global
	GlobalSection(SolutionConfigurationPlatforms) = preSolution
		Debug|Any CPU = Debug|Any CPU
		Release|Any CPU = Release|Any CPU
	EndGlobalSection
	GlobalSection(ProjectConfigurationPlatforms) = postSolution
		{5F43DFC5-5A8F-4D0E-AEA2-9D5E5BFBA0BB}.Debug|Any CPU.ActiveCfg = Debug|Any CPU
		{5F43DFC5-5A8F-4D0E-AEA2-9D5E5BFBA0BB}.Debug|Any CPU.Build.0 = Debug|Any CPU
		{5F43DFC5-5A8F-4D0E-AEA2-9D5E5BFBA0BB}.Release|Any CPU.ActiveCfg = Release|Any CPU
		{5F43DFC5-5A8F-4D0E-AEA2-9D5E5BFBA0BB}.Release|Any CPU.Build.0 = Release|Any CPU
		{585886C1-A603-443C-A58B-9AE0062EA7BB}.Debug|Any CPU.ActiveCfg = Debug|Any CPU
		{585886C1-A603-443C-A58B-9AE0062EA7BB}.Debug|Any CPU.Build.0 = Debug|Any CPU
		{585886C1-A603-443C-A58B-9AE0062EA7BB}.Release|Any CPU.ActiveCfg = Release|Any CPU
		{585886C1-A603-443C-A58B-9AE0062EA7BB}.Release|Any CPU.Build.0 = Release|Any CPU
	EndGlobalSection
	GlobalSection(SolutionProperties) = preSolution
		HideSolutionNode = FALSE
	EndGlobalSection
	GlobalSection(ExtensibilityGlobals) = postSolution
		SolutionGuid = {1CEB90F4-434F-42C8-BDB9-0B69F196AD65}
	EndGlobalSection
EndGlobal
